
Microsoft Visual Studio Solution File, Format Version 12.00
# Visual Studio Version 17
VisualStudioVersion = 17.7.34018.315
MinimumVisualStudioVersion = 10.0.40219.1
Project("{FAE04EC0-301F-11D3-BF4B-00C04F79EFBC}") = "Casting_homeworks", "Casting_homeworks\Casting_homeworks.csproj", "{A075BA2A-482F-4103-A46A-951820721C84}"
EndProject
Project("{FAE04EC0-301F-11D3-BF4B-00C04F79EFBC}") = "Domain", "Domain\Domain.csproj", "{C6F9BE50-6FDA-4221-99A7-FA750FCB3390}"
EndProject
Project("{FAE04EC0-301F-11D3-BF4B-00C04F79EFBC}") = "Service", "Service\Service.csproj", "{40DB109F-E707-4936-8F1F-5CE2127E455F}"
EndProject
Global
	GlobalSection(SolutionConfigurationPlatforms) = preSolution
		Debug|Any CPU = Debug|Any CPU
		Release|Any CPU = Release|Any CPU
	EndGlobalSection
	GlobalSection(ProjectConfigurationPlatforms) = postSolution
		{A075BA2A-482F-4103-A46A-951820721C84}.Debug|Any CPU.ActiveCfg = Debug|Any CPU
		{A075BA2A-482F-4103-A46A-951820721C84}.Debug|Any CPU.Build.0 = Debug|Any CPU
		{A075BA2A-482F-4103-A46A-951820721C84}.Release|Any CPU.ActiveCfg = Release|Any CPU
		{A075BA2A-482F-4103-A46A-951820721C84}.Release|Any CPU.Build.0 = Release|Any CPU
		{C6F9BE50-6FDA-4221-99A7-FA750FCB3390}.Debug|Any CPU.ActiveCfg = Debug|Any CPU
		{C6F9BE50-6FDA-4221-99A7-FA750FCB3390}.Debug|Any CPU.Build.0 = Debug|Any CPU
		{C6F9BE50-6FDA-4221-99A7-FA750FCB3390}.Release|Any CPU.ActiveCfg = Release|Any CPU
		{C6F9BE50-6FDA-4221-99A7-FA750FCB3390}.Release|Any CPU.Build.0 = Release|Any CPU
		{40DB109F-E707-4936-8F1F-5CE2127E455F}.Debug|Any CPU.ActiveCfg = Debug|Any CPU
		{40DB109F-E707-4936-8F1F-5CE2127E455F}.Debug|Any CPU.Build.0 = Debug|Any CPU
		{40DB109F-E707-4936-8F1F-5CE2127E455F}.Release|Any CPU.ActiveCfg = Release|Any CPU
		{40DB109F-E707-4936-8F1F-5CE2127E455F}.Release|Any CPU.Build.0 = Release|Any CPU
	EndGlobalSection
	GlobalSection(SolutionProperties) = preSolution
		HideSolutionNode = FALSE
	EndGlobalSection
	GlobalSection(ExtensibilityGlobals) = postSolution
		SolutionGuid = {F49202AB-EEE6-4FCE-93BD-9C3517CAB2E8}
	EndGlobalSection
EndGlobal
